
Microsoft Visual Studio Solution File, Format Version 12.00
# Visual Studio 15
VisualStudioVersion = 15.0.28307.1082
MinimumVisualStudioVersion = 10.0.40219.1
Project("{FAE04EC0-301F-11D3-BF4B-00C04F79EFBC}") = "Introduction", "Introduction\Introduction.csproj", "{95ED29A3-0B4A-4803-96A4-CAAB5DA33B60}"
EndProject
Project("{8BC9CEB8-8B4A-11D0-8D11-00A0C91BC942}") = "Wrappers", "Wrappers\Wrappers.vcxproj", "{5CF4C240-D539-43C2-BEBC-9E3851027F99}"
EndProject
Project("{FAE04EC0-301F-11D3-BF4B-00C04F79EFBC}") = "TaskLVL1", "TaskLVL1\TaskLVL1.csproj", "{5B34A1A6-27E5-4CEB-83E4-64262E334640}"
EndProject
Project("{FAE04EC0-301F-11D3-BF4B-00C04F79EFBC}") = "HomeWork", "HomeWork\HomeWork.csproj", "{F32EC161-D78E-464A-8D47-D12021EDD3C6}"
EndProject
Project("{FAE04EC0-301F-11D3-BF4B-00C04F79EFBC}") = "Arrays", "Arrays\Arrays.csproj", "{C4253D4E-701B-40DD-AC88-21B449D95281}"
EndProject
Global
	GlobalSection(SolutionConfigurationPlatforms) = preSolution
		Debug|Any CPU = Debug|Any CPU
		Debug|x64 = Debug|x64
		Debug|x86 = Debug|x86
		Release|Any CPU = Release|Any CPU
		Release|x64 = Release|x64
		Release|x86 = Release|x86
	EndGlobalSection
	GlobalSection(ProjectConfigurationPlatforms) = postSolution
		{95ED29A3-0B4A-4803-96A4-CAAB5DA33B60}.Debug|Any CPU.ActiveCfg = Debug|Any CPU
		{95ED29A3-0B4A-4803-96A4-CAAB5DA33B60}.Debug|Any CPU.Build.0 = Debug|Any CPU
		{95ED29A3-0B4A-4803-96A4-CAAB5DA33B60}.Debug|x64.ActiveCfg = Debug|Any CPU
		{95ED29A3-0B4A-4803-96A4-CAAB5DA33B60}.Debug|x64.Build.0 = Debug|Any CPU
		{95ED29A3-0B4A-4803-96A4-CAAB5DA33B60}.Debug|x86.ActiveCfg = Debug|Any CPU
		{95ED29A3-0B4A-4803-96A4-CAAB5DA33B60}.Debug|x86.Build.0 = Debug|Any CPU
		{95ED29A3-0B4A-4803-96A4-CAAB5DA33B60}.Release|Any CPU.ActiveCfg = Release|Any CPU
		{95ED29A3-0B4A-4803-96A4-CAAB5DA33B60}.Release|Any CPU.Build.0 = Release|Any CPU
		{95ED29A3-0B4A-4803-96A4-CAAB5DA33B60}.Release|x64.ActiveCfg = Release|Any CPU
		{95ED29A3-0B4A-4803-96A4-CAAB5DA33B60}.Release|x64.Build.0 = Release|Any CPU
		{95ED29A3-0B4A-4803-96A4-CAAB5DA33B60}.Release|x86.ActiveCfg = Release|Any CPU
		{95ED29A3-0B4A-4803-96A4-CAAB5DA33B60}.Release|x86.Build.0 = Release|Any CPU
		{5CF4C240-D539-43C2-BEBC-9E3851027F99}.Debug|Any CPU.ActiveCfg = Debug|Win32
		{5CF4C240-D539-43C2-BEBC-9E3851027F99}.Debug|x64.ActiveCfg = Debug|x64
		{5CF4C240-D539-43C2-BEBC-9E3851027F99}.Debug|x64.Build.0 = Debug|x64
		{5CF4C240-D539-43C2-BEBC-9E3851027F99}.Debug|x86.ActiveCfg = Debug|Win32
		{5CF4C240-D539-43C2-BEBC-9E3851027F99}.Debug|x86.Build.0 = Debug|Win32
		{5CF4C240-D539-43C2-BEBC-9E3851027F99}.Release|Any CPU.ActiveCfg = Release|Win32
		{5CF4C240-D539-43C2-BEBC-9E3851027F99}.Release|x64.ActiveCfg = Release|x64
		{5CF4C240-D539-43C2-BEBC-9E3851027F99}.Release|x64.Build.0 = Release|x64
		{5CF4C240-D539-43C2-BEBC-9E3851027F99}.Release|x86.ActiveCfg = Release|Win32
		{5CF4C240-D539-43C2-BEBC-9E3851027F99}.Release|x86.Build.0 = Release|Win32
		{5B34A1A6-27E5-4CEB-83E4-64262E334640}.Debug|Any CPU.ActiveCfg = Debug|Any CPU
		{5B34A1A6-27E5-4CEB-83E4-64262E334640}.Debug|Any CPU.Build.0 = Debug|Any CPU
		{5B34A1A6-27E5-4CEB-83E4-64262E334640}.Debug|x64.ActiveCfg = Debug|Any CPU
		{5B34A1A6-27E5-4CEB-83E4-64262E334640}.Debug|x64.Build.0 = Debug|Any CPU
		{5B34A1A6-27E5-4CEB-83E4-64262E334640}.Debug|x86.ActiveCfg = Debug|Any CPU
		{5B34A1A6-27E5-4CEB-83E4-64262E334640}.Debug|x86.Build.0 = Debug|Any CPU
		{5B34A1A6-27E5-4CEB-83E4-64262E334640}.Release|Any CPU.ActiveCfg = Release|Any CPU
		{5B34A1A6-27E5-4CEB-83E4-64262E334640}.Release|Any CPU.Build.0 = Release|Any CPU
		{5B34A1A6-27E5-4CEB-83E4-64262E334640}.Release|x64.ActiveCfg = Release|Any CPU
		{5B34A1A6-27E5-4CEB-83E4-64262E334640}.Release|x64.Build.0 = Release|Any CPU
		{5B34A1A6-27E5-4CEB-83E4-64262E334640}.Release|x86.ActiveCfg = Release|Any CPU
		{5B34A1A6-27E5-4CEB-83E4-64262E334640}.Release|x86.Build.0 = Release|Any CPU
		{F32EC161-D78E-464A-8D47-D12021EDD3C6}.Debug|Any CPU.ActiveCfg = Debug|Any CPU
		{F32EC161-D78E-464A-8D47-D12021EDD3C6}.Debug|Any CPU.Build.0 = Debug|Any CPU
		{F32EC161-D78E-464A-8D47-D12021EDD3C6}.Debug|x64.ActiveCfg = Debug|Any CPU
		{F32EC161-D78E-464A-8D47-D12021EDD3C6}.Debug|x64.Build.0 = Debug|Any CPU
		{F32EC161-D78E-464A-8D47-D12021EDD3C6}.Debug|x86.ActiveCfg = Debug|Any CPU
		{F32EC161-D78E-464A-8D47-D12021EDD3C6}.Debug|x86.Build.0 = Debug|Any CPU
		{F32EC161-D78E-464A-8D47-D12021EDD3C6}.Release|Any CPU.ActiveCfg = Release|Any CPU
		{F32EC161-D78E-464A-8D47-D12021EDD3C6}.Release|Any CPU.Build.0 = Release|Any CPU
		{F32EC161-D78E-464A-8D47-D12021EDD3C6}.Release|x64.ActiveCfg = Release|Any CPU
		{F32EC161-D78E-464A-8D47-D12021EDD3C6}.Release|x64.Build.0 = Release|Any CPU
		{F32EC161-D78E-464A-8D47-D12021EDD3C6}.Release|x86.ActiveCfg = Release|Any CPU
		{F32EC161-D78E-464A-8D47-D12021EDD3C6}.Release|x86.Build.0 = Release|Any CPU
		{C4253D4E-701B-40DD-AC88-21B449D95281}.Debug|Any CPU.ActiveCfg = Debug|Any CPU
		{C4253D4E-701B-40DD-AC88-21B449D95281}.Debug|Any CPU.Build.0 = Debug|Any CPU
		{C4253D4E-701B-40DD-AC88-21B449D95281}.Debug|x64.ActiveCfg = Debug|Any CPU
		{C4253D4E-701B-40DD-AC88-21B449D95281}.Debug|x64.Build.0 = Debug|Any CPU
		{C4253D4E-701B-40DD-AC88-21B449D95281}.Debug|x86.ActiveCfg = Debug|Any CPU
		{C4253D4E-701B-40DD-AC88-21B449D95281}.Debug|x86.Build.0 = Debug|Any CPU
		{C4253D4E-701B-40DD-AC88-21B449D95281}.Release|Any CPU.ActiveCfg = Release|Any CPU
		{C4253D4E-701B-40DD-AC88-21B449D95281}.Release|Any CPU.Build.0 = Release|Any CPU
		{C4253D4E-701B-40DD-AC88-21B449D95281}.Release|x64.ActiveCfg = Release|Any CPU
		{C4253D4E-701B-40DD-AC88-21B449D95281}.Release|x64.Build.0 = Release|Any CPU
		{C4253D4E-701B-40DD-AC88-21B449D95281}.Release|x86.ActiveCfg = Release|Any CPU
		{C4253D4E-701B-40DD-AC88-21B449D95281}.Release|x86.Build.0 = Release|Any CPU
	EndGlobalSection
	GlobalSection(SolutionProperties) = preSolution
		HideSolutionNode = FALSE
	EndGlobalSection
	GlobalSection(ExtensibilityGlobals) = postSolution
		SolutionGuid = {B8173C87-AB3C-4490-9321-853A69C98D6F}
	EndGlobalSection
EndGlobal
